// !$*UTF8*$!
{
	archiveVersion = 1;
	classes = {
	};
	objectVersion = 46;
	objects = {

/* Begin PBXBuildFile section */
		044D7B8C5F936F7EB600440B /* Pods_GroupAppUITests.framework in Frameworks */ = {isa = PBXBuildFile; fileRef = 54EA9788EB7F40BF22199755 /* Pods_GroupAppUITests.framework */; };
		1BC1D5EC2087EB4500314E4B /* AddDealViewController.swift in Sources */ = {isa = PBXBuildFile; fileRef = 1BC1D5EB2087EB4500314E4B /* AddDealViewController.swift */; };
		491AEF23B6E1E52D8246BDD3 /* Pods_GroupApp.framework in Frameworks */ = {isa = PBXBuildFile; fileRef = 1E52C4C0A4B0F786BBA11DB8 /* Pods_GroupApp.framework */; };
		A28E2004207C2393006B36E4 /* Deal.swift in Sources */ = {isa = PBXBuildFile; fileRef = A28E2003207C2393006B36E4 /* Deal.swift */; };
		A2D1ACE22069A3B100DB51DD /* LocationsViewController.swift in Sources */ = {isa = PBXBuildFile; fileRef = A2D1ACE12069A3B100DB51DD /* LocationsViewController.swift */; };
		A2D1ACE62069AD7F00DB51DD /* LocationTableViewCell.swift in Sources */ = {isa = PBXBuildFile; fileRef = A2D1ACE52069AD7F00DB51DD /* LocationTableViewCell.swift */; };
		A2D1ACEC206C3BA200DB51DD /* SettingsStoryboard.storyboard in Resources */ = {isa = PBXBuildFile; fileRef = A2D1ACEA206C3BA200DB51DD /* SettingsStoryboard.storyboard */; };
		A2D1ACEF206C3BE000DB51DD /* Main.storyboard in Resources */ = {isa = PBXBuildFile; fileRef = A2D1ACED206C3BE000DB51DD /* Main.storyboard */; };
		D15C65ED12A8005A008075AC /* Pods_GroupAppTests.framework in Frameworks */ = {isa = PBXBuildFile; fileRef = 69D2A366FC33C10D93566063 /* Pods_GroupAppTests.framework */; };
		D829C07F2059CDA70001F766 /* MainViewController.swift in Sources */ = {isa = PBXBuildFile; fileRef = D829C07E2059CDA70001F766 /* MainViewController.swift */; };
		D829C0BF20699FA50001F766 /* HomeMapViewController.swift in Sources */ = {isa = PBXBuildFile; fileRef = D829C0BE20699FA50001F766 /* HomeMapViewController.swift */; };
		D829C0FF2072E26A0001F766 /* DealDetailViewController.swift in Sources */ = {isa = PBXBuildFile; fileRef = D829C0FE2072E26A0001F766 /* DealDetailViewController.swift */; };
		D829C1022083DF610001F766 /* CoreLocation.framework in Frameworks */ = {isa = PBXBuildFile; fileRef = D829C1002083DF160001F766 /* CoreLocation.framework */; };
		D829C10420854E560001F766 /* UserViewController.swift in Sources */ = {isa = PBXBuildFile; fileRef = D829C10320854E560001F766 /* UserViewController.swift */; };
		D894EAD020509D06003F887D /* AppDelegate.swift in Sources */ = {isa = PBXBuildFile; fileRef = D894EACF20509D06003F887D /* AppDelegate.swift */; };
		D894EAD220509D06003F887D /* ViewController.swift in Sources */ = {isa = PBXBuildFile; fileRef = D894EAD120509D06003F887D /* ViewController.swift */; };
		D894EAD720509D06003F887D /* Assets.xcassets in Resources */ = {isa = PBXBuildFile; fileRef = D894EAD620509D06003F887D /* Assets.xcassets */; };
		D894EADA20509D06003F887D /* LaunchScreen.storyboard in Resources */ = {isa = PBXBuildFile; fileRef = D894EAD820509D06003F887D /* LaunchScreen.storyboard */; };
		D894EAE520509D06003F887D /* GroupAppTests.swift in Sources */ = {isa = PBXBuildFile; fileRef = D894EAE420509D06003F887D /* GroupAppTests.swift */; };
		D894EAF020509D06003F887D /* GroupAppUITests.swift in Sources */ = {isa = PBXBuildFile; fileRef = D894EAEF20509D06003F887D /* GroupAppUITests.swift */; };
/* End PBXBuildFile section */

/* Begin PBXContainerItemProxy section */
		D894EAE120509D06003F887D /* PBXContainerItemProxy */ = {
			isa = PBXContainerItemProxy;
			containerPortal = D894EAC420509D06003F887D /* Project object */;
			proxyType = 1;
			remoteGlobalIDString = D894EACB20509D06003F887D;
			remoteInfo = GroupApp;
		};
		D894EAEC20509D06003F887D /* PBXContainerItemProxy */ = {
			isa = PBXContainerItemProxy;
			containerPortal = D894EAC420509D06003F887D /* Project object */;
			proxyType = 1;
			remoteGlobalIDString = D894EACB20509D06003F887D;
			remoteInfo = GroupApp;
		};
/* End PBXContainerItemProxy section */

/* Begin PBXFileReference section */
		1BC1D5EB2087EB4500314E4B /* AddDealViewController.swift */ = {isa = PBXFileReference; lastKnownFileType = sourcecode.swift; path = AddDealViewController.swift; sourceTree = "<group>"; };
		1E52C4C0A4B0F786BBA11DB8 /* Pods_GroupApp.framework */ = {isa = PBXFileReference; explicitFileType = wrapper.framework; includeInIndex = 0; path = Pods_GroupApp.framework; sourceTree = BUILT_PRODUCTS_DIR; };
		4333AE58E48DAF2BF5AA454B /* Pods-GroupAppUITests.release.xcconfig */ = {isa = PBXFileReference; includeInIndex = 1; lastKnownFileType = text.xcconfig; name = "Pods-GroupAppUITests.release.xcconfig"; path = "Pods/Target Support Files/Pods-GroupAppUITests/Pods-GroupAppUITests.release.xcconfig"; sourceTree = "<group>"; };
		54EA9788EB7F40BF22199755 /* Pods_GroupAppUITests.framework */ = {isa = PBXFileReference; explicitFileType = wrapper.framework; includeInIndex = 0; path = Pods_GroupAppUITests.framework; sourceTree = BUILT_PRODUCTS_DIR; };
		62225307760006E90D1ADD00 /* Pods-GroupApp.release.xcconfig */ = {isa = PBXFileReference; includeInIndex = 1; lastKnownFileType = text.xcconfig; name = "Pods-GroupApp.release.xcconfig"; path = "Pods/Target Support Files/Pods-GroupApp/Pods-GroupApp.release.xcconfig"; sourceTree = "<group>"; };
		69D2A366FC33C10D93566063 /* Pods_GroupAppTests.framework */ = {isa = PBXFileReference; explicitFileType = wrapper.framework; includeInIndex = 0; path = Pods_GroupAppTests.framework; sourceTree = BUILT_PRODUCTS_DIR; };
		69D59C1AAAF41497847267BB /* Pods-GroupApp.debug.xcconfig */ = {isa = PBXFileReference; includeInIndex = 1; lastKnownFileType = text.xcconfig; name = "Pods-GroupApp.debug.xcconfig"; path = "Pods/Target Support Files/Pods-GroupApp/Pods-GroupApp.debug.xcconfig"; sourceTree = "<group>"; };
		A28E2003207C2393006B36E4 /* Deal.swift */ = {isa = PBXFileReference; lastKnownFileType = sourcecode.swift; path = Deal.swift; sourceTree = "<group>"; };
		A2D1ACE12069A3B100DB51DD /* LocationsViewController.swift */ = {isa = PBXFileReference; lastKnownFileType = sourcecode.swift; path = LocationsViewController.swift; sourceTree = "<group>"; };
		A2D1ACE52069AD7F00DB51DD /* LocationTableViewCell.swift */ = {isa = PBXFileReference; lastKnownFileType = sourcecode.swift; path = LocationTableViewCell.swift; sourceTree = "<group>"; };
		A2D1ACEB206C3BA200DB51DD /* Base */ = {isa = PBXFileReference; lastKnownFileType = file.storyboard; name = Base; path = Base.lproj/SettingsStoryboard.storyboard; sourceTree = "<group>"; };
		A2D1ACEE206C3BE000DB51DD /* Base */ = {isa = PBXFileReference; lastKnownFileType = file.storyboard; name = Base; path = Base.lproj/Main.storyboard; sourceTree = "<group>"; };
		D829C07E2059CDA70001F766 /* MainViewController.swift */ = {isa = PBXFileReference; fileEncoding = 4; lastKnownFileType = sourcecode.swift; name = MainViewController.swift; path = GroupApp/MainViewController.swift; sourceTree = "<group>"; };
		D829C0BE20699FA50001F766 /* HomeMapViewController.swift */ = {isa = PBXFileReference; fileEncoding = 4; lastKnownFileType = sourcecode.swift; path = HomeMapViewController.swift; sourceTree = "<group>"; };
		D829C0FE2072E26A0001F766 /* DealDetailViewController.swift */ = {isa = PBXFileReference; fileEncoding = 4; lastKnownFileType = sourcecode.swift; path = DealDetailViewController.swift; sourceTree = "<group>"; };
		D829C1002083DF160001F766 /* CoreLocation.framework */ = {isa = PBXFileReference; lastKnownFileType = wrapper.framework; name = CoreLocation.framework; path = System/Library/Frameworks/CoreLocation.framework; sourceTree = SDKROOT; };
		D829C10320854E560001F766 /* UserViewController.swift */ = {isa = PBXFileReference; fileEncoding = 4; lastKnownFileType = sourcecode.swift; path = UserViewController.swift; sourceTree = "<group>"; };
		D894EACC20509D06003F887D /* GroupApp.app */ = {isa = PBXFileReference; explicitFileType = wrapper.application; includeInIndex = 0; path = GroupApp.app; sourceTree = BUILT_PRODUCTS_DIR; };
		D894EACF20509D06003F887D /* AppDelegate.swift */ = {isa = PBXFileReference; lastKnownFileType = sourcecode.swift; path = AppDelegate.swift; sourceTree = "<group>"; };
		D894EAD120509D06003F887D /* ViewController.swift */ = {isa = PBXFileReference; lastKnownFileType = sourcecode.swift; name = ViewController.swift; path = GroupApp/ViewController.swift; sourceTree = "<group>"; };
		D894EAD620509D06003F887D /* Assets.xcassets */ = {isa = PBXFileReference; lastKnownFileType = folder.assetcatalog; path = Assets.xcassets; sourceTree = "<group>"; };
		D894EAD920509D06003F887D /* Base */ = {isa = PBXFileReference; lastKnownFileType = file.storyboard; name = Base; path = Base.lproj/LaunchScreen.storyboard; sourceTree = "<group>"; };
		D894EADB20509D06003F887D /* Info.plist */ = {isa = PBXFileReference; lastKnownFileType = text.plist.xml; path = Info.plist; sourceTree = "<group>"; };
		D894EAE020509D06003F887D /* GroupAppTests.xctest */ = {isa = PBXFileReference; explicitFileType = wrapper.cfbundle; includeInIndex = 0; path = GroupAppTests.xctest; sourceTree = BUILT_PRODUCTS_DIR; };
		D894EAE420509D06003F887D /* GroupAppTests.swift */ = {isa = PBXFileReference; lastKnownFileType = sourcecode.swift; path = GroupAppTests.swift; sourceTree = "<group>"; };
		D894EAE620509D06003F887D /* Info.plist */ = {isa = PBXFileReference; lastKnownFileType = text.plist.xml; path = Info.plist; sourceTree = "<group>"; };
		D894EAEB20509D06003F887D /* GroupAppUITests.xctest */ = {isa = PBXFileReference; explicitFileType = wrapper.cfbundle; includeInIndex = 0; path = GroupAppUITests.xctest; sourceTree = BUILT_PRODUCTS_DIR; };
		D894EAEF20509D06003F887D /* GroupAppUITests.swift */ = {isa = PBXFileReference; lastKnownFileType = sourcecode.swift; path = GroupAppUITests.swift; sourceTree = "<group>"; };
		D894EAF120509D06003F887D /* Info.plist */ = {isa = PBXFileReference; lastKnownFileType = text.plist.xml; path = Info.plist; sourceTree = "<group>"; };
		E416A85121DDD0F06C11531F /* Pods-GroupAppUITests.debug.xcconfig */ = {isa = PBXFileReference; includeInIndex = 1; lastKnownFileType = text.xcconfig; name = "Pods-GroupAppUITests.debug.xcconfig"; path = "Pods/Target Support Files/Pods-GroupAppUITests/Pods-GroupAppUITests.debug.xcconfig"; sourceTree = "<group>"; };
		F754504A11ACC8E5EA23D962 /* Pods-GroupAppTests.release.xcconfig */ = {isa = PBXFileReference; includeInIndex = 1; lastKnownFileType = text.xcconfig; name = "Pods-GroupAppTests.release.xcconfig"; path = "Pods/Target Support Files/Pods-GroupAppTests/Pods-GroupAppTests.release.xcconfig"; sourceTree = "<group>"; };
		FA5AE693BD9E12EC74000092 /* Pods-GroupAppTests.debug.xcconfig */ = {isa = PBXFileReference; includeInIndex = 1; lastKnownFileType = text.xcconfig; name = "Pods-GroupAppTests.debug.xcconfig"; path = "Pods/Target Support Files/Pods-GroupAppTests/Pods-GroupAppTests.debug.xcconfig"; sourceTree = "<group>"; };
/* End PBXFileReference section */

/* Begin PBXFrameworksBuildPhase section */
		D894EAC920509D06003F887D /* Frameworks */ = {
			isa = PBXFrameworksBuildPhase;
			buildActionMask = 2147483647;
			files = (
				D829C1022083DF610001F766 /* CoreLocation.framework in Frameworks */,
				491AEF23B6E1E52D8246BDD3 /* Pods_GroupApp.framework in Frameworks */,
			);
			runOnlyForDeploymentPostprocessing = 0;
		};
		D894EADD20509D06003F887D /* Frameworks */ = {
			isa = PBXFrameworksBuildPhase;
			buildActionMask = 2147483647;
			files = (
				D15C65ED12A8005A008075AC /* Pods_GroupAppTests.framework in Frameworks */,
			);
			runOnlyForDeploymentPostprocessing = 0;
		};
		D894EAE820509D06003F887D /* Frameworks */ = {
			isa = PBXFrameworksBuildPhase;
			buildActionMask = 2147483647;
			files = (
				044D7B8C5F936F7EB600440B /* Pods_GroupAppUITests.framework in Frameworks */,
			);
			runOnlyForDeploymentPostprocessing = 0;
		};
/* End PBXFrameworksBuildPhase section */

/* Begin PBXGroup section */
		119C5570C32C6AB540DD2BC4 /* Frameworks */ = {
			isa = PBXGroup;
			children = (
				D829C1002083DF160001F766 /* CoreLocation.framework */,
				1E52C4C0A4B0F786BBA11DB8 /* Pods_GroupApp.framework */,
				69D2A366FC33C10D93566063 /* Pods_GroupAppTests.framework */,
				54EA9788EB7F40BF22199755 /* Pods_GroupAppUITests.framework */,
			);
			name = Frameworks;
			sourceTree = "<group>";
		};
		822DBD161C66E0C3D39F5DEC /* Pods */ = {
			isa = PBXGroup;
			children = (
				69D59C1AAAF41497847267BB /* Pods-GroupApp.debug.xcconfig */,
				62225307760006E90D1ADD00 /* Pods-GroupApp.release.xcconfig */,
				FA5AE693BD9E12EC74000092 /* Pods-GroupAppTests.debug.xcconfig */,
				F754504A11ACC8E5EA23D962 /* Pods-GroupAppTests.release.xcconfig */,
				E416A85121DDD0F06C11531F /* Pods-GroupAppUITests.debug.xcconfig */,
				4333AE58E48DAF2BF5AA454B /* Pods-GroupAppUITests.release.xcconfig */,
			);
			name = Pods;
			sourceTree = "<group>";
		};
		A28E1FFE207C1D4D006B36E4 /* Classes */ = {
			isa = PBXGroup;
			children = (
				A28E2003207C2393006B36E4 /* Deal.swift */,
			);
			path = Classes;
			sourceTree = "<group>";
		};
		D829C0BC20699DC90001F766 /* View Controllers */ = {
			isa = PBXGroup;
			children = (
				D829C07E2059CDA70001F766 /* MainViewController.swift */,
				A2D1ACE12069A3B100DB51DD /* LocationsViewController.swift */,
				D894EAD120509D06003F887D /* ViewController.swift */,
				D829C0BE20699FA50001F766 /* HomeMapViewController.swift */,
				D829C0FE2072E26A0001F766 /* DealDetailViewController.swift */,
				1BC1D5EB2087EB4500314E4B /* AddDealViewController.swift */,
			);
			name = "View Controllers";
			path = ..;
			sourceTree = "<group>";
		};
		D829C0BD20699DD90001F766 /* Views */ = {
			isa = PBXGroup;
			children = (
				A2D1ACE52069AD7F00DB51DD /* LocationTableViewCell.swift */,
			);
			name = Views;
			path = ..;
			sourceTree = "<group>";
		};
		D894EAC320509D06003F887D = {
			isa = PBXGroup;
			children = (
				D894EACE20509D06003F887D /* GroupApp */,
				D894EAE320509D06003F887D /* GroupAppTests */,
				D894EAEE20509D06003F887D /* GroupAppUITests */,
				D894EACD20509D06003F887D /* Products */,
				822DBD161C66E0C3D39F5DEC /* Pods */,
				119C5570C32C6AB540DD2BC4 /* Frameworks */,
			);
			sourceTree = "<group>";
		};
		D894EACD20509D06003F887D /* Products */ = {
			isa = PBXGroup;
			children = (
				D894EACC20509D06003F887D /* GroupApp.app */,
				D894EAE020509D06003F887D /* GroupAppTests.xctest */,
				D894EAEB20509D06003F887D /* GroupAppUITests.xctest */,
			);
			name = Products;
			sourceTree = "<group>";
		};
		D894EACE20509D06003F887D /* GroupApp */ = {
			isa = PBXGroup;
			children = (
				A2D1ACED206C3BE000DB51DD /* Main.storyboard */,
				A2D1ACEA206C3BA200DB51DD /* SettingsStoryboard.storyboard */,
				D829C10320854E560001F766 /* UserViewController.swift */,
				D829C0BD20699DD90001F766 /* Views */,
				D829C0BC20699DC90001F766 /* View Controllers */,
				D894EACF20509D06003F887D /* AppDelegate.swift */,
				A28E1FFE207C1D4D006B36E4 /* Classes */,
				D894EAD620509D06003F887D /* Assets.xcassets */,
				D894EAD820509D06003F887D /* LaunchScreen.storyboard */,
				D894EADB20509D06003F887D /* Info.plist */,
			);
			path = GroupApp;
			sourceTree = "<group>";
		};
		D894EAE320509D06003F887D /* GroupAppTests */ = {
			isa = PBXGroup;
			children = (
				D894EAE420509D06003F887D /* GroupAppTests.swift */,
				D894EAE620509D06003F887D /* Info.plist */,
			);
			path = GroupAppTests;
			sourceTree = "<group>";
		};
		D894EAEE20509D06003F887D /* GroupAppUITests */ = {
			isa = PBXGroup;
			children = (
				D894EAEF20509D06003F887D /* GroupAppUITests.swift */,
				D894EAF120509D06003F887D /* Info.plist */,
			);
			path = GroupAppUITests;
			sourceTree = "<group>";
		};
/* End PBXGroup section */

/* Begin PBXNativeTarget section */
		D894EACB20509D06003F887D /* GroupApp */ = {
			isa = PBXNativeTarget;
			buildConfigurationList = D894EAF420509D06003F887D /* Build configuration list for PBXNativeTarget "GroupApp" */;
			buildPhases = (
				5E8FB90AC690A508B81A163B /* [CP] Check Pods Manifest.lock */,
				D894EAC820509D06003F887D /* Sources */,
				D894EAC920509D06003F887D /* Frameworks */,
				D894EACA20509D06003F887D /* Resources */,
				3D1516A74296CD11CB61161C /* [CP] Embed Pods Frameworks */,
				F751633A2D76A3E79844971D /* [CP] Copy Pods Resources */,
			);
			buildRules = (
			);
			dependencies = (
			);
			name = GroupApp;
			productName = GroupApp;
			productReference = D894EACC20509D06003F887D /* GroupApp.app */;
			productType = "com.apple.product-type.application";
		};
		D894EADF20509D06003F887D /* GroupAppTests */ = {
			isa = PBXNativeTarget;
			buildConfigurationList = D894EAF720509D06003F887D /* Build configuration list for PBXNativeTarget "GroupAppTests" */;
			buildPhases = (
				7F42E18F13317135B361B093 /* [CP] Check Pods Manifest.lock */,
				D894EADC20509D06003F887D /* Sources */,
				D894EADD20509D06003F887D /* Frameworks */,
				D894EADE20509D06003F887D /* Resources */,
				AD2F054C501E8B6E02EED63E /* [CP] Embed Pods Frameworks */,
				905CC3F7FA5180C3357A0A54 /* [CP] Copy Pods Resources */,
			);
			buildRules = (
			);
			dependencies = (
				D894EAE220509D06003F887D /* PBXTargetDependency */,
			);
			name = GroupAppTests;
			productName = GroupAppTests;
			productReference = D894EAE020509D06003F887D /* GroupAppTests.xctest */;
			productType = "com.apple.product-type.bundle.unit-test";
		};
		D894EAEA20509D06003F887D /* GroupAppUITests */ = {
			isa = PBXNativeTarget;
			buildConfigurationList = D894EAFA20509D06003F887D /* Build configuration list for PBXNativeTarget "GroupAppUITests" */;
			buildPhases = (
				06A39B1FA8E28FCD91AA3994 /* [CP] Check Pods Manifest.lock */,
				D894EAE720509D06003F887D /* Sources */,
				D894EAE820509D06003F887D /* Frameworks */,
				D894EAE920509D06003F887D /* Resources */,
				0652C083E01FF00140378C1D /* [CP] Embed Pods Frameworks */,
				923EE077987F5181F9A17B7A /* [CP] Copy Pods Resources */,
			);
			buildRules = (
			);
			dependencies = (
				D894EAED20509D06003F887D /* PBXTargetDependency */,
			);
			name = GroupAppUITests;
			productName = GroupAppUITests;
			productReference = D894EAEB20509D06003F887D /* GroupAppUITests.xctest */;
			productType = "com.apple.product-type.bundle.ui-testing";
		};
/* End PBXNativeTarget section */

/* Begin PBXProject section */
		D894EAC420509D06003F887D /* Project object */ = {
			isa = PBXProject;
			attributes = {
				LastSwiftUpdateCheck = 0800;
				LastUpgradeCheck = 0800;
				ORGANIZATIONNAME = "Joe Antongiovanni";
				TargetAttributes = {
					D894EACB20509D06003F887D = {
						CreatedOnToolsVersion = 8.0;
						ProvisioningStyle = Automatic;
					};
					D894EADF20509D06003F887D = {
						CreatedOnToolsVersion = 8.0;
						ProvisioningStyle = Automatic;
						TestTargetID = D894EACB20509D06003F887D;
					};
					D894EAEA20509D06003F887D = {
						CreatedOnToolsVersion = 8.0;
						ProvisioningStyle = Automatic;
						TestTargetID = D894EACB20509D06003F887D;
					};
				};
			};
			buildConfigurationList = D894EAC720509D06003F887D /* Build configuration list for PBXProject "GroupApp" */;
			compatibilityVersion = "Xcode 3.2";
			developmentRegion = English;
			hasScannedForEncodings = 0;
			knownRegions = (
				en,
				Base,
			);
			mainGroup = D894EAC320509D06003F887D;
			productRefGroup = D894EACD20509D06003F887D /* Products */;
			projectDirPath = "";
			projectRoot = "";
			targets = (
				D894EACB20509D06003F887D /* GroupApp */,
				D894EADF20509D06003F887D /* GroupAppTests */,
				D894EAEA20509D06003F887D /* GroupAppUITests */,
			);
		};
/* End PBXProject section */

/* Begin PBXResourcesBuildPhase section */
		D894EACA20509D06003F887D /* Resources */ = {
			isa = PBXResourcesBuildPhase;
			buildActionMask = 2147483647;
			files = (
				D894EADA20509D06003F887D /* LaunchScreen.storyboard in Resources */,
				D894EAD720509D06003F887D /* Assets.xcassets in Resources */,
				A2D1ACEC206C3BA200DB51DD /* SettingsStoryboard.storyboard in Resources */,
				A2D1ACEF206C3BE000DB51DD /* Main.storyboard in Resources */,
			);
			runOnlyForDeploymentPostprocessing = 0;
		};
		D894EADE20509D06003F887D /* Resources */ = {
			isa = PBXResourcesBuildPhase;
			buildActionMask = 2147483647;
			files = (
			);
			runOnlyForDeploymentPostprocessing = 0;
		};
		D894EAE920509D06003F887D /* Resources */ = {
			isa = PBXResourcesBuildPhase;
			buildActionMask = 2147483647;
			files = (
			);
			runOnlyForDeploymentPostprocessing = 0;
		};
/* End PBXResourcesBuildPhase section */

/* Begin PBXShellScriptBuildPhase section */
		0652C083E01FF00140378C1D /* [CP] Embed Pods Frameworks */ = {
			isa = PBXShellScriptBuildPhase;
			buildActionMask = 2147483647;
			files = (
			);
			inputPaths = (
			);
			name = "[CP] Embed Pods Frameworks";
			outputPaths = (
			);
			runOnlyForDeploymentPostprocessing = 0;
			shellPath = /bin/sh;
			shellScript = "\"${SRCROOT}/Pods/Target Support Files/Pods-GroupAppUITests/Pods-GroupAppUITests-frameworks.sh\"\n";
			showEnvVarsInLog = 0;
		};
		06A39B1FA8E28FCD91AA3994 /* [CP] Check Pods Manifest.lock */ = {
			isa = PBXShellScriptBuildPhase;
			buildActionMask = 2147483647;
			files = (
			);
			inputPaths = (
				"${PODS_PODFILE_DIR_PATH}/Podfile.lock",
				"${PODS_ROOT}/Manifest.lock",
			);
			name = "[CP] Check Pods Manifest.lock";
			outputPaths = (
				"$(DERIVED_FILE_DIR)/Pods-GroupAppUITests-checkManifestLockResult.txt",
			);
			runOnlyForDeploymentPostprocessing = 0;
			shellPath = /bin/sh;
			shellScript = "diff \"${PODS_PODFILE_DIR_PATH}/Podfile.lock\" \"${PODS_ROOT}/Manifest.lock\" > /dev/null\nif [ $? != 0 ] ; then\n    # print error to STDERR\n    echo \"error: The sandbox is not in sync with the Podfile.lock. Run 'pod install' or update your CocoaPods installation.\" >&2\n    exit 1\nfi\n# This output is used by Xcode 'outputs' to avoid re-running this script phase.\necho \"SUCCESS\" > \"${SCRIPT_OUTPUT_FILE_0}\"\n";
			showEnvVarsInLog = 0;
		};
		3D1516A74296CD11CB61161C /* [CP] Embed Pods Frameworks */ = {
			isa = PBXShellScriptBuildPhase;
			buildActionMask = 2147483647;
			files = (
			);
			inputPaths = (
				"${SRCROOT}/Pods/Target Support Files/Pods-GroupApp/Pods-GroupApp-frameworks.sh",
				"${BUILT_PRODUCTS_DIR}/AFNetworking/AFNetworking.framework",
				"${BUILT_PRODUCTS_DIR}/Bolts/Bolts.framework",
				"${BUILT_PRODUCTS_DIR}/Parse/Parse.framework",
				"${BUILT_PRODUCTS_DIR}/ParseUI/ParseUI.framework",
			);
			name = "[CP] Embed Pods Frameworks";
			outputPaths = (
				"${TARGET_BUILD_DIR}/${FRAMEWORKS_FOLDER_PATH}/AFNetworking.framework",
				"${TARGET_BUILD_DIR}/${FRAMEWORKS_FOLDER_PATH}/Bolts.framework",
				"${TARGET_BUILD_DIR}/${FRAMEWORKS_FOLDER_PATH}/Parse.framework",
				"${TARGET_BUILD_DIR}/${FRAMEWORKS_FOLDER_PATH}/ParseUI.framework",
			);
			runOnlyForDeploymentPostprocessing = 0;
			shellPath = /bin/sh;
			shellScript = "\"${SRCROOT}/Pods/Target Support Files/Pods-GroupApp/Pods-GroupApp-frameworks.sh\"\n";
			showEnvVarsInLog = 0;
		};
		5E8FB90AC690A508B81A163B /* [CP] Check Pods Manifest.lock */ = {
			isa = PBXShellScriptBuildPhase;
			buildActionMask = 2147483647;
			files = (
			);
			inputPaths = (
				"${PODS_PODFILE_DIR_PATH}/Podfile.lock",
				"${PODS_ROOT}/Manifest.lock",
			);
			name = "[CP] Check Pods Manifest.lock";
			outputPaths = (
				"$(DERIVED_FILE_DIR)/Pods-GroupApp-checkManifestLockResult.txt",
			);
			runOnlyForDeploymentPostprocessing = 0;
			shellPath = /bin/sh;
			shellScript = "diff \"${PODS_PODFILE_DIR_PATH}/Podfile.lock\" \"${PODS_ROOT}/Manifest.lock\" > /dev/null\nif [ $? != 0 ] ; then\n    # print error to STDERR\n    echo \"error: The sandbox is not in sync with the Podfile.lock. Run 'pod install' or update your CocoaPods installation.\" >&2\n    exit 1\nfi\n# This output is used by Xcode 'outputs' to avoid re-running this script phase.\necho \"SUCCESS\" > \"${SCRIPT_OUTPUT_FILE_0}\"\n";
			showEnvVarsInLog = 0;
		};
		7F42E18F13317135B361B093 /* [CP] Check Pods Manifest.lock */ = {
			isa = PBXShellScriptBuildPhase;
			buildActionMask = 2147483647;
			files = (
			);
			inputPaths = (
				"${PODS_PODFILE_DIR_PATH}/Podfile.lock",
				"${PODS_ROOT}/Manifest.lock",
			);
			name = "[CP] Check Pods Manifest.lock";
			outputPaths = (
				"$(DERIVED_FILE_DIR)/Pods-GroupAppTests-checkManifestLockResult.txt",
			);
			runOnlyForDeploymentPostprocessing = 0;
			shellPath = /bin/sh;
			shellScript = "diff \"${PODS_PODFILE_DIR_PATH}/Podfile.lock\" \"${PODS_ROOT}/Manifest.lock\" > /dev/null\nif [ $? != 0 ] ; then\n    # print error to STDERR\n    echo \"error: The sandbox is not in sync with the Podfile.lock. Run 'pod install' or update your CocoaPods installation.\" >&2\n    exit 1\nfi\n# This output is used by Xcode 'outputs' to avoid re-running this script phase.\necho \"SUCCESS\" > \"${SCRIPT_OUTPUT_FILE_0}\"\n";
			showEnvVarsInLog = 0;
		};
		905CC3F7FA5180C3357A0A54 /* [CP] Copy Pods Resources */ = {
			isa = PBXShellScriptBuildPhase;
			buildActionMask = 2147483647;
			files = (
			);
			inputPaths = (
			);
			name = "[CP] Copy Pods Resources";
			outputPaths = (
			);
			runOnlyForDeploymentPostprocessing = 0;
			shellPath = /bin/sh;
			shellScript = "\"${SRCROOT}/Pods/Target Support Files/Pods-GroupAppTests/Pods-GroupAppTests-resources.sh\"\n";
			showEnvVarsInLog = 0;
		};
		923EE077987F5181F9A17B7A /* [CP] Copy Pods Resources */ = {
			isa = PBXShellScriptBuildPhase;
			buildActionMask = 2147483647;
			files = (
			);
			inputPaths = (
			);
			name = "[CP] Copy Pods Resources";
			outputPaths = (
			);
			runOnlyForDeploymentPostprocessing = 0;
			shellPath = /bin/sh;
			shellScript = "\"${SRCROOT}/Pods/Target Support Files/Pods-GroupAppUITests/Pods-GroupAppUITests-resources.sh\"\n";
			showEnvVarsInLog = 0;
		};
		AD2F054C501E8B6E02EED63E /* [CP] Embed Pods Frameworks */ = {
			isa = PBXShellScriptBuildPhase;
			buildActionMask = 2147483647;
			files = (
			);
			inputPaths = (
			);
			name = "[CP] Embed Pods Frameworks";
			outputPaths = (
			);
			runOnlyForDeploymentPostprocessing = 0;
			shellPath = /bin/sh;
			shellScript = "\"${SRCROOT}/Pods/Target Support Files/Pods-GroupAppTests/Pods-GroupAppTests-frameworks.sh\"\n";
			showEnvVarsInLog = 0;
		};
		F751633A2D76A3E79844971D /* [CP] Copy Pods Resources */ = {
			isa = PBXShellScriptBuildPhase;
			buildActionMask = 2147483647;
			files = (
			);
			inputPaths = (
			);
			name = "[CP] Copy Pods Resources";
			outputPaths = (
			);
			runOnlyForDeploymentPostprocessing = 0;
			shellPath = /bin/sh;
			shellScript = "\"${SRCROOT}/Pods/Target Support Files/Pods-GroupApp/Pods-GroupApp-resources.sh\"\n";
			showEnvVarsInLog = 0;
		};
/* End PBXShellScriptBuildPhase section */

/* Begin PBXSourcesBuildPhase section */
		D894EAC820509D06003F887D /* Sources */ = {
			isa = PBXSourcesBuildPhase;
			buildActionMask = 2147483647;
			files = (
				1BC1D5EC2087EB4500314E4B /* AddDealViewController.swift in Sources */,
				A2D1ACE62069AD7F00DB51DD /* LocationTableViewCell.swift in Sources */,
				D829C10420854E560001F766 /* UserViewController.swift in Sources */,
				D829C0BF20699FA50001F766 /* HomeMapViewController.swift in Sources */,
				A2D1ACE22069A3B100DB51DD /* LocationsViewController.swift in Sources */,
				D829C07F2059CDA70001F766 /* MainViewController.swift in Sources */,
				D829C0FF2072E26A0001F766 /* DealDetailViewController.swift in Sources */,
				D894EAD220509D06003F887D /* ViewController.swift in Sources */,
				D894EAD020509D06003F887D /* AppDelegate.swift in Sources */,
				A28E2004207C2393006B36E4 /* Deal.swift in Sources */,
			);
			runOnlyForDeploymentPostprocessing = 0;
		};
		D894EADC20509D06003F887D /* Sources */ = {
			isa = PBXSourcesBuildPhase;
			buildActionMask = 2147483647;
			files = (
				D894EAE520509D06003F887D /* GroupAppTests.swift in Sources */,
			);
			runOnlyForDeploymentPostprocessing = 0;
		};
		D894EAE720509D06003F887D /* Sources */ = {
			isa = PBXSourcesBuildPhase;
			buildActionMask = 2147483647;
			files = (
				D894EAF020509D06003F887D /* GroupAppUITests.swift in Sources */,
			);
			runOnlyForDeploymentPostprocessing = 0;
		};
/* End PBXSourcesBuildPhase section */

/* Begin PBXTargetDependency section */
		D894EAE220509D06003F887D /* PBXTargetDependency */ = {
			isa = PBXTargetDependency;
			target = D894EACB20509D06003F887D /* GroupApp */;
			targetProxy = D894EAE120509D06003F887D /* PBXContainerItemProxy */;
		};
		D894EAED20509D06003F887D /* PBXTargetDependency */ = {
			isa = PBXTargetDependency;
			target = D894EACB20509D06003F887D /* GroupApp */;
			targetProxy = D894EAEC20509D06003F887D /* PBXContainerItemProxy */;
		};
/* End PBXTargetDependency section */

/* Begin PBXVariantGroup section */
		A2D1ACEA206C3BA200DB51DD /* SettingsStoryboard.storyboard */ = {
			isa = PBXVariantGroup;
			children = (
				A2D1ACEB206C3BA200DB51DD /* Base */,
			);
			name = SettingsStoryboard.storyboard;
			sourceTree = "<group>";
		};
		A2D1ACED206C3BE000DB51DD /* Main.storyboard */ = {
			isa = PBXVariantGroup;
			children = (
				A2D1ACEE206C3BE000DB51DD /* Base */,
			);
			name = Main.storyboard;
			sourceTree = "<group>";
		};
		D894EAD820509D06003F887D /* LaunchScreen.storyboard */ = {
			isa = PBXVariantGroup;
			children = (
				D894EAD920509D06003F887D /* Base */,
			);
			name = LaunchScreen.storyboard;
			sourceTree = "<group>";
		};
/* End PBXVariantGroup section */

/* Begin XCBuildConfiguration section */
		D894EAF220509D06003F887D /* Debug */ = {
			isa = XCBuildConfiguration;
			buildSettings = {
				ALWAYS_SEARCH_USER_PATHS = NO;
				CLANG_ANALYZER_NONNULL = YES;
				CLANG_CXX_LANGUAGE_STANDARD = "gnu++0x";
				CLANG_CXX_LIBRARY = "libc++";
				CLANG_ENABLE_MODULES = YES;
				CLANG_ENABLE_OBJC_ARC = YES;
				CLANG_WARN_BOOL_CONVERSION = YES;
				CLANG_WARN_CONSTANT_CONVERSION = YES;
				CLANG_WARN_DIRECT_OBJC_ISA_USAGE = YES_ERROR;
				CLANG_WARN_DOCUMENTATION_COMMENTS = YES;
				CLANG_WARN_EMPTY_BODY = YES;
				CLANG_WARN_ENUM_CONVERSION = YES;
				CLANG_WARN_INFINITE_RECURSION = YES;
				CLANG_WARN_INT_CONVERSION = YES;
				CLANG_WARN_OBJC_ROOT_CLASS = YES_ERROR;
				CLANG_WARN_SUSPICIOUS_MOVES = YES;
				CLANG_WARN_UNREACHABLE_CODE = YES;
				CLANG_WARN__DUPLICATE_METHOD_MATCH = YES;
				"CODE_SIGN_IDENTITY[sdk=iphoneos*]" = "iPhone Developer";
				COPY_PHASE_STRIP = NO;
				DEBUG_INFORMATION_FORMAT = dwarf;
				ENABLE_STRICT_OBJC_MSGSEND = YES;
				ENABLE_TESTABILITY = YES;
				GCC_C_LANGUAGE_STANDARD = gnu99;
				GCC_DYNAMIC_NO_PIC = NO;
				GCC_NO_COMMON_BLOCKS = YES;
				GCC_OPTIMIZATION_LEVEL = 0;
				GCC_PREPROCESSOR_DEFINITIONS = (
					"DEBUG=1",
					"$(inherited)",
				);
				GCC_WARN_64_TO_32_BIT_CONVERSION = YES;
				GCC_WARN_ABOUT_RETURN_TYPE = YES_ERROR;
				GCC_WARN_UNDECLARED_SELECTOR = YES;
				GCC_WARN_UNINITIALIZED_AUTOS = YES_AGGRESSIVE;
				GCC_WARN_UNUSED_FUNCTION = YES;
				GCC_WARN_UNUSED_VARIABLE = YES;
				IPHONEOS_DEPLOYMENT_TARGET = 10.0;
				MTL_ENABLE_DEBUG_INFO = YES;
				ONLY_ACTIVE_ARCH = YES;
				SDKROOT = iphoneos;
				SWIFT_ACTIVE_COMPILATION_CONDITIONS = DEBUG;
				SWIFT_OPTIMIZATION_LEVEL = "-Onone";
				TARGETED_DEVICE_FAMILY = "1,2";
			};
			name = Debug;
		};
		D894EAF320509D06003F887D /* Release */ = {
			isa = XCBuildConfiguration;
			buildSettings = {
				ALWAYS_SEARCH_USER_PATHS = NO;
				CLANG_ANALYZER_NONNULL = YES;
				CLANG_CXX_LANGUAGE_STANDARD = "gnu++0x";
				CLANG_CXX_LIBRARY = "libc++";
				CLANG_ENABLE_MODULES = YES;
				CLANG_ENABLE_OBJC_ARC = YES;
				CLANG_WARN_BOOL_CONVERSION = YES;
				CLANG_WARN_CONSTANT_CONVERSION = YES;
				CLANG_WARN_DIRECT_OBJC_ISA_USAGE = YES_ERROR;
				CLANG_WARN_DOCUMENTATION_COMMENTS = YES;
				CLANG_WARN_EMPTY_BODY = YES;
				CLANG_WARN_ENUM_CONVERSION = YES;
				CLANG_WARN_INFINITE_RECURSION = YES;
				CLANG_WARN_INT_CONVERSION = YES;
				CLANG_WARN_OBJC_ROOT_CLASS = YES_ERROR;
				CLANG_WARN_SUSPICIOUS_MOVES = YES;
				CLANG_WARN_UNREACHABLE_CODE = YES;
				CLANG_WARN__DUPLICATE_METHOD_MATCH = YES;
				"CODE_SIGN_IDENTITY[sdk=iphoneos*]" = "iPhone Developer";
				COPY_PHASE_STRIP = NO;
				DEBUG_INFORMATION_FORMAT = "dwarf-with-dsym";
				ENABLE_NS_ASSERTIONS = NO;
				ENABLE_STRICT_OBJC_MSGSEND = YES;
				GCC_C_LANGUAGE_STANDARD = gnu99;
				GCC_NO_COMMON_BLOCKS = YES;
				GCC_WARN_64_TO_32_BIT_CONVERSION = YES;
				GCC_WARN_ABOUT_RETURN_TYPE = YES_ERROR;
				GCC_WARN_UNDECLARED_SELECTOR = YES;
				GCC_WARN_UNINITIALIZED_AUTOS = YES_AGGRESSIVE;
				GCC_WARN_UNUSED_FUNCTION = YES;
				GCC_WARN_UNUSED_VARIABLE = YES;
				IPHONEOS_DEPLOYMENT_TARGET = 10.0;
				MTL_ENABLE_DEBUG_INFO = NO;
				SDKROOT = iphoneos;
				SWIFT_OPTIMIZATION_LEVEL = "-Owholemodule";
				TARGETED_DEVICE_FAMILY = "1,2";
				VALIDATE_PRODUCT = YES;
			};
			name = Release;
		};
		D894EAF520509D06003F887D /* Debug */ = {
			isa = XCBuildConfiguration;
			baseConfigurationReference = 69D59C1AAAF41497847267BB /* Pods-GroupApp.debug.xcconfig */;
			buildSettings = {
				ASSETCATALOG_COMPILER_APPICON_NAME = AppIcon;
				INFOPLIST_FILE = GroupApp/Info.plist;
				LD_RUNPATH_SEARCH_PATHS = "$(inherited) @executable_path/Frameworks";
				PRODUCT_BUNDLE_IDENTIFIER = edu.csumb.jantongiovanni.GroupApp;
				PRODUCT_NAME = "$(TARGET_NAME)";
				SWIFT_VERSION = 3.0;
			};
			name = Debug;
		};
		D894EAF620509D06003F887D /* Release */ = {
			isa = XCBuildConfiguration;
			baseConfigurationReference = 62225307760006E90D1ADD00 /* Pods-GroupApp.release.xcconfig */;
			buildSettings = {
				ASSETCATALOG_COMPILER_APPICON_NAME = AppIcon;
				INFOPLIST_FILE = GroupApp/Info.plist;
				LD_RUNPATH_SEARCH_PATHS = "$(inherited) @executable_path/Frameworks";
				PRODUCT_BUNDLE_IDENTIFIER = edu.csumb.jantongiovanni.GroupApp;
				PRODUCT_NAME = "$(TARGET_NAME)";
				SWIFT_VERSION = 3.0;
			};
			name = Release;
		};
		D894EAF820509D06003F887D /* Debug */ = {
			isa = XCBuildConfiguration;
			baseConfigurationReference = FA5AE693BD9E12EC74000092 /* Pods-GroupAppTests.debug.xcconfig */;
			buildSettings = {
				ALWAYS_EMBED_SWIFT_STANDARD_LIBRARIES = YES;
				BUNDLE_LOADER = "$(TEST_HOST)";
				INFOPLIST_FILE = GroupAppTests/Info.plist;
				LD_RUNPATH_SEARCH_PATHS = "$(inherited) @executable_path/Frameworks @loader_path/Frameworks";
				PRODUCT_BUNDLE_IDENTIFIER = edu.csumb.jantongiovanni.GroupAppTests;
				PRODUCT_NAME = "$(TARGET_NAME)";
				SWIFT_VERSION = 3.0;
				TEST_HOST = "$(BUILT_PRODUCTS_DIR)/GroupApp.app/GroupApp";
			};
			name = Debug;
		};
		D894EAF920509D06003F887D /* Release */ = {
			isa = XCBuildConfiguration;
			baseConfigurationReference = F754504A11ACC8E5EA23D962 /* Pods-GroupAppTests.release.xcconfig */;
			buildSettings = {
				ALWAYS_EMBED_SWIFT_STANDARD_LIBRARIES = YES;
				BUNDLE_LOADER = "$(TEST_HOST)";
				INFOPLIST_FILE = GroupAppTests/Info.plist;
				LD_RUNPATH_SEARCH_PATHS = "$(inherited) @executable_path/Frameworks @loader_path/Frameworks";
				PRODUCT_BUNDLE_IDENTIFIER = edu.csumb.jantongiovanni.GroupAppTests;
				PRODUCT_NAME = "$(TARGET_NAME)";
				SWIFT_VERSION = 3.0;
				TEST_HOST = "$(BUILT_PRODUCTS_DIR)/GroupApp.app/GroupApp";
			};
			name = Release;
		};
		D894EAFB20509D06003F887D /* Debug */ = {
			isa = XCBuildConfiguration;
			baseConfigurationReference = E416A85121DDD0F06C11531F /* Pods-GroupAppUITests.debug.xcconfig */;
			buildSettings = {
				ALWAYS_EMBED_SWIFT_STANDARD_LIBRARIES = YES;
				INFOPLIST_FILE = GroupAppUITests/Info.plist;
				LD_RUNPATH_SEARCH_PATHS = "$(inherited) @executable_path/Frameworks @loader_path/Frameworks";
				PRODUCT_BUNDLE_IDENTIFIER = edu.csumb.jantongiovanni.GroupAppUITests;
				PRODUCT_NAME = "$(TARGET_NAME)";
				SWIFT_VERSION = 3.0;
				TEST_TARGET_NAME = GroupApp;
			};
			name = Debug;
		};
		D894EAFC20509D06003F887D /* Release */ = {
			isa = XCBuildConfiguration;
			baseConfigurationReference = 4333AE58E48DAF2BF5AA454B /* Pods-GroupAppUITests.release.xcconfig */;
			buildSettings = {
				ALWAYS_EMBED_SWIFT_STANDARD_LIBRARIES = YES;
				INFOPLIST_FILE = GroupAppUITests/Info.plist;
				LD_RUNPATH_SEARCH_PATHS = "$(inherited) @executable_path/Frameworks @loader_path/Frameworks";
				PRODUCT_BUNDLE_IDENTIFIER = edu.csumb.jantongiovanni.GroupAppUITests;
				PRODUCT_NAME = "$(TARGET_NAME)";
				SWIFT_VERSION = 3.0;
				TEST_TARGET_NAME = GroupApp;
			};
			name = Release;
		};
/* End XCBuildConfiguration section */

/* Begin XCConfigurationList section */
		D894EAC720509D06003F887D /* Build configuration list for PBXProject "GroupApp" */ = {
			isa = XCConfigurationList;
			buildConfigurations = (
				D894EAF220509D06003F887D /* Debug */,
				D894EAF320509D06003F887D /* Release */,
			);
			defaultConfigurationIsVisible = 0;
			defaultConfigurationName = Release;
		};
		D894EAF420509D06003F887D /* Build configuration list for PBXNativeTarget "GroupApp" */ = {
			isa = XCConfigurationList;
			buildConfigurations = (
				D894EAF520509D06003F887D /* Debug */,
				D894EAF620509D06003F887D /* Release */,
			);
			defaultConfigurationIsVisible = 0;
			defaultConfigurationName = Release;
		};
		D894EAF720509D06003F887D /* Build configuration list for PBXNativeTarget "GroupAppTests" */ = {
			isa = XCConfigurationList;
			buildConfigurations = (
				D894EAF820509D06003F887D /* Debug */,
				D894EAF920509D06003F887D /* Release */,
			);
			defaultConfigurationIsVisible = 0;
			defaultConfigurationName = Release;
		};
		D894EAFA20509D06003F887D /* Build configuration list for PBXNativeTarget "GroupAppUITests" */ = {
			isa = XCConfigurationList;
			buildConfigurations = (
				D894EAFB20509D06003F887D /* Debug */,
				D894EAFC20509D06003F887D /* Release */,
			);
			defaultConfigurationIsVisible = 0;
			defaultConfigurationName = Release;
		};
/* End XCConfigurationList section */
	};
	rootObject = D894EAC420509D06003F887D /* Project object */;
}
